
Microsoft Visual Studio Solution File, Format Version 12.00
# Visual Studio Version 16
VisualStudioVersion = 16.0.32126.315
MinimumVisualStudioVersion = 10.0.40219.1
Project("{FAE04EC0-301F-11D3-BF4B-00C04F79EFBC}") = "hw08_pham", "hw08_pham\hw08_pham.csproj", "{460208EA-9CBA-44A0-8A1D-4FE21DFABA5F}"
EndProject
Global
	GlobalSection(SolutionConfigurationPlatforms) = preSolution
		Debug|Any CPU = Debug|Any CPU
		Release|Any CPU = Release|Any CPU
	EndGlobalSection
	GlobalSection(ProjectConfigurationPlatforms) = postSolution
		{460208EA-9CBA-44A0-8A1D-4FE21DFABA5F}.Debug|Any CPU.ActiveCfg = Debug|Any CPU
		{460208EA-9CBA-44A0-8A1D-4FE21DFABA5F}.Debug|Any CPU.Build.0 = Debug|Any CPU
		{460208EA-9CBA-44A0-8A1D-4FE21DFABA5F}.Release|Any CPU.ActiveCfg = Release|Any CPU
		{460208EA-9CBA-44A0-8A1D-4FE21DFABA5F}.Release|Any CPU.Build.0 = Release|Any CPU
	EndGlobalSection
	GlobalSection(SolutionProperties) = preSolution
		HideSolutionNode = FALSE
	EndGlobalSection
	GlobalSection(ExtensibilityGlobals) = postSolution
		SolutionGuid = {7EC064EB-C2C1-44E2-81C8-57C856D480B5}
	EndGlobalSection
EndGlobal
